
Microsoft Visual Studio Solution File, Format Version 12.00
# Visual Studio Version 17
VisualStudioVersion = 17.6.33723.286
MinimumVisualStudioVersion = 10.0.40219.1
Project("{FAE04EC0-301F-11D3-BF4B-00C04F79EFBC}") = "LKS-SMK_JATI_HOTEL", "LKS-SMK_JATI_HOTEL\LKS-SMK_JATI_HOTEL.csproj", "{E3439A17-D9FB-4526-9A53-4CD085613BBD}"
EndProject
Global
	GlobalSection(SolutionConfigurationPlatforms) = preSolution
		Debug|Any CPU = Debug|Any CPU
		Release|Any CPU = Release|Any CPU
	EndGlobalSection
	GlobalSection(ProjectConfigurationPlatforms) = postSolution
		{E3439A17-D9FB-4526-9A53-4CD085613BBD}.Debug|Any CPU.ActiveCfg = Debug|Any CPU
		{E3439A17-D9FB-4526-9A53-4CD085613BBD}.Debug|Any CPU.Build.0 = Debug|Any CPU
		{E3439A17-D9FB-4526-9A53-4CD085613BBD}.Release|Any CPU.ActiveCfg = Release|Any CPU
		{E3439A17-D9FB-4526-9A53-4CD085613BBD}.Release|Any CPU.Build.0 = Release|Any CPU
	EndGlobalSection
	GlobalSection(SolutionProperties) = preSolution
		HideSolutionNode = FALSE
	EndGlobalSection
	GlobalSection(ExtensibilityGlobals) = postSolution
		SolutionGuid = {D6E058E2-CC38-4FB2-A96D-66DEC9870A21}
	EndGlobalSection
EndGlobal
